{
  "version": 4,
  "terraform_version": "1.6.1",
  "serial": 12,
  "lineage": "461f791b-bfda-c537-bb98-d4f35189825d",
  "outputs": {},
  "resources": [
    {
      "mode": "managed",
      "type": "azurerm_network_interface",
      "name": "res-2",
      "provider": "provider[\"registry.terraform.io/hashicorp/azurerm\"]",
      "instances": [
        {
          "schema_version": 0,
          "attributes": {
            "applied_dns_servers": [],
            "dns_servers": [],
            "edge_zone": "",
            "enable_accelerated_networking": false,
            "enable_ip_forwarding": false,
            "id": "/subscriptions/b860b083-169c-4f62-8ba6-e2f75885d4fa/resourceGroups/mra-test-aes-net-rg/providers/Microsoft.Network/networkInterfaces/vm101a956",
            "internal_dns_name_label": "",
            "internal_domain_name_suffix": "5oeu4p15ot4exbzdtbgwqj4t5d.px.internal.cloudapp.net",
            "ip_configuration": [
              {
                "gateway_load_balancer_frontend_ip_configuration_id": "",
                "name": "ipconfig1",
                "primary": true,
                "private_ip_address": "10.1.0.4",
                "private_ip_address_allocation": "Dynamic",
                "private_ip_address_version": "IPv4",
                "public_ip_address_id": "/subscriptions/b860b083-169c-4f62-8ba6-e2f75885d4fa/resourceGroups/mra-test-aes-net-rg/providers/Microsoft.Network/publicIPAddresses/vm101a-ip",
                "subnet_id": "/subscriptions/b860b083-169c-4f62-8ba6-e2f75885d4fa/resourceGroups/mra-test-aes-net-rg/providers/Microsoft.Network/virtualNetworks/mra-test-aes-net-vnet10.x/subnets/subnet10.1.x"
              }
            ],
            "location": "australiaeast",
            "mac_address": "00-22-48-97-97-2F",
            "name": "vm101a956",
            "private_ip_address": "10.1.0.4",
            "private_ip_addresses": [
              "10.1.0.4"
            ],
            "resource_group_name": "mra-test-aes-net-rg",
            "tags": {
              "usage": "TerraformTesting"
            },
            "timeouts": null,
            "virtual_machine_id": "/subscriptions/b860b083-169c-4f62-8ba6-e2f75885d4fa/resourceGroups/mra-test-aes-net-rg/providers/Microsoft.Compute/virtualMachines/vm101a"
          },
          "sensitive_attributes": [],
          "private": "eyJlMmJmYjczMC1lY2FhLTExZTYtOGY4OC0zNDM2M2JjN2M0YzAiOnsiY3JlYXRlIjoxODAwMDAwMDAwMDAwLCJkZWxldGUiOjE4MDAwMDAwMDAwMDAsInJlYWQiOjMwMDAwMDAwMDAwMCwidXBkYXRlIjoxODAwMDAwMDAwMDAwfSwic2NoZW1hX3ZlcnNpb24iOiIwIn0="
        }
      ]
    },
    {
      "mode": "managed",
      "type": "azurerm_network_interface_security_group_association",
      "name": "res-3",
      "provider": "provider[\"registry.terraform.io/hashicorp/azurerm\"]",
      "instances": [
        {
          "schema_version": 0,
          "attributes": {
            "id": "/subscriptions/b860b083-169c-4f62-8ba6-e2f75885d4fa/resourceGroups/mra-test-aes-net-rg/providers/Microsoft.Network/networkInterfaces/vm101a956|/subscriptions/b860b083-169c-4f62-8ba6-e2f75885d4fa/resourceGroups/mra-test-aes-net-rg/providers/Microsoft.Network/networkSecurityGroups/vm101a-nsg",
            "network_interface_id": "/subscriptions/b860b083-169c-4f62-8ba6-e2f75885d4fa/resourceGroups/mra-test-aes-net-rg/providers/Microsoft.Network/networkInterfaces/vm101a956",
            "network_security_group_id": "/subscriptions/b860b083-169c-4f62-8ba6-e2f75885d4fa/resourceGroups/mra-test-aes-net-rg/providers/Microsoft.Network/networkSecurityGroups/vm101a-nsg",
            "timeouts": null
          },
          "sensitive_attributes": [],
          "private": "eyJlMmJmYjczMC1lY2FhLTExZTYtOGY4OC0zNDM2M2JjN2M0YzAiOnsiY3JlYXRlIjoxODAwMDAwMDAwMDAwLCJkZWxldGUiOjE4MDAwMDAwMDAwMDAsInJlYWQiOjMwMDAwMDAwMDAwMCwidXBkYXRlIjoxODAwMDAwMDAwMDAwfSwic2NoZW1hX3ZlcnNpb24iOiIwIn0="
        }
      ]
    },
    {
      "mode": "managed",
      "type": "azurerm_network_security_group",
      "name": "res-4",
      "provider": "provider[\"registry.terraform.io/hashicorp/azurerm\"]",
      "instances": [
        {
          "schema_version": 0,
          "attributes": {
            "id": "/subscriptions/b860b083-169c-4f62-8ba6-e2f75885d4fa/resourceGroups/mra-test-aes-net-rg/providers/Microsoft.Network/networkSecurityGroups/vm101a-nsg",
            "location": "australiaeast",
            "name": "vm101a-nsg",
            "resource_group_name": "mra-test-aes-net-rg",
            "security_rule": [
              {
                "access": "Allow",
                "description": "",
                "destination_address_prefix": "*",
                "destination_address_prefixes": [],
                "destination_application_security_group_ids": [],
                "destination_port_range": "3389",
                "destination_port_ranges": [],
                "direction": "Inbound",
                "name": "RDP",
                "priority": 300,
                "protocol": "Tcp",
                "source_address_prefix": "*",
                "source_address_prefixes": [],
                "source_application_security_group_ids": [],
                "source_port_range": "*",
                "source_port_ranges": []
              }
            ],
            "tags": {
              "usage": "TerraformTesting"
            },
            "timeouts": null
          },
          "sensitive_attributes": [],
          "private": "eyJlMmJmYjczMC1lY2FhLTExZTYtOGY4OC0zNDM2M2JjN2M0YzAiOnsiY3JlYXRlIjoxODAwMDAwMDAwMDAwLCJkZWxldGUiOjE4MDAwMDAwMDAwMDAsInJlYWQiOjMwMDAwMDAwMDAwMCwidXBkYXRlIjoxODAwMDAwMDAwMDAwfSwic2NoZW1hX3ZlcnNpb24iOiIwIn0="
        }
      ]
    },
    {
      "mode": "managed",
      "type": "azurerm_network_security_rule",
      "name": "res-5",
      "provider": "provider[\"registry.terraform.io/hashicorp/azurerm\"]",
      "instances": [
        {
          "schema_version": 0,
          "attributes": {
            "access": "Allow",
            "description": "",
            "destination_address_prefix": "*",
            "destination_address_prefixes": [],
            "destination_application_security_group_ids": [],
            "destination_port_range": "3389",
            "destination_port_ranges": [],
            "direction": "Inbound",
            "id": "/subscriptions/b860b083-169c-4f62-8ba6-e2f75885d4fa/resourceGroups/mra-test-aes-net-rg/providers/Microsoft.Network/networkSecurityGroups/vm101a-nsg/securityRules/RDP",
            "name": "RDP",
            "network_security_group_name": "vm101a-nsg",
            "priority": 300,
            "protocol": "Tcp",
            "resource_group_name": "mra-test-aes-net-rg",
            "source_address_prefix": "*",
            "source_address_prefixes": [],
            "source_application_security_group_ids": [],
            "source_port_range": "*",
            "source_port_ranges": [],
            "timeouts": null
          },
          "sensitive_attributes": [],
          "private": "eyJlMmJmYjczMC1lY2FhLTExZTYtOGY4OC0zNDM2M2JjN2M0YzAiOnsiY3JlYXRlIjoxODAwMDAwMDAwMDAwLCJkZWxldGUiOjE4MDAwMDAwMDAwMDAsInJlYWQiOjMwMDAwMDAwMDAwMCwidXBkYXRlIjoxODAwMDAwMDAwMDAwfSwic2NoZW1hX3ZlcnNpb24iOiIwIn0="
        }
      ]
    },
    {
      "mode": "managed",
      "type": "azurerm_public_ip",
      "name": "res-6",
      "provider": "provider[\"registry.terraform.io/hashicorp/azurerm\"]",
      "instances": [
        {
          "schema_version": 0,
          "attributes": {
            "allocation_method": "Static",
            "ddos_protection_mode": "VirtualNetworkInherited",
            "ddos_protection_plan_id": null,
            "domain_name_label": null,
            "edge_zone": "",
            "fqdn": null,
            "id": "/subscriptions/b860b083-169c-4f62-8ba6-e2f75885d4fa/resourceGroups/mra-test-aes-net-rg/providers/Microsoft.Network/publicIPAddresses/vm101a-ip",
            "idle_timeout_in_minutes": 4,
            "ip_address": "4.197.15.58",
            "ip_tags": {},
            "ip_version": "IPv4",
            "location": "australiaeast",
            "name": "vm101a-ip",
            "public_ip_prefix_id": null,
            "resource_group_name": "mra-test-aes-net-rg",
            "reverse_fqdn": null,
            "sku": "Standard",
            "sku_tier": "Regional",
            "tags": {
              "usage": "TerraformTesting"
            },
            "timeouts": null,
            "zones": []
          },
          "sensitive_attributes": [],
          "private": "eyJlMmJmYjczMC1lY2FhLTExZTYtOGY4OC0zNDM2M2JjN2M0YzAiOnsiY3JlYXRlIjoxODAwMDAwMDAwMDAwLCJkZWxldGUiOjE4MDAwMDAwMDAwMDAsInJlYWQiOjMwMDAwMDAwMDAwMCwidXBkYXRlIjoxODAwMDAwMDAwMDAwfSwic2NoZW1hX3ZlcnNpb24iOiIwIn0="
        }
      ]
    },
    {
      "mode": "managed",
      "type": "azurerm_resource_group",
      "name": "res-0",
      "provider": "provider[\"registry.terraform.io/hashicorp/azurerm\"]",
      "instances": [
        {
          "schema_version": 0,
          "attributes": {
            "id": "/subscriptions/b860b083-169c-4f62-8ba6-e2f75885d4fa/resourceGroups/mra-test-aes-net-rg",
            "location": "australiaeast",
            "managed_by": "",
            "name": "mra-test-aes-net-rg",
            "tags": {
              "owner": "ryan",
              "usage": "TerraformTesting"
            },
            "timeouts": null
          },
          "sensitive_attributes": [],
          "private": "eyJlMmJmYjczMC1lY2FhLTExZTYtOGY4OC0zNDM2M2JjN2M0YzAiOnsiY3JlYXRlIjo1NDAwMDAwMDAwMDAwLCJkZWxldGUiOjU0MDAwMDAwMDAwMDAsInJlYWQiOjMwMDAwMDAwMDAwMCwidXBkYXRlIjo1NDAwMDAwMDAwMDAwfSwic2NoZW1hX3ZlcnNpb24iOiIwIn0="
        }
      ]
    },
    {
      "mode": "managed",
      "type": "azurerm_storage_account",
      "name": "res-10",
      "provider": "provider[\"registry.terraform.io/hashicorp/azurerm\"]",
      "instances": [
        {
          "schema_version": 4,
          "attributes": {
            "access_tier": "Hot",
            "account_kind": "StorageV2",
            "account_replication_type": "LRS",
            "account_tier": "Standard",
            "allow_nested_items_to_be_public": false,
            "allowed_copy_scope": "",
            "azure_files_authentication": [],
            "blob_properties": [
              {
                "change_feed_enabled": false,
                "change_feed_retention_in_days": 0,
                "container_delete_retention_policy": [],
                "cors_rule": [],
                "default_service_version": "",
                "delete_retention_policy": [],
                "last_access_time_enabled": false,
                "restore_policy": [],
                "versioning_enabled": false
              }
            ],
            "cross_tenant_replication_enabled": false,
            "custom_domain": [],
            "customer_managed_key": [],
            "default_to_oauth_authentication": false,
            "edge_zone": "",
            "enable_https_traffic_only": true,
            "id": "/subscriptions/b860b083-169c-4f62-8ba6-e2f75885d4fa/resourceGroups/mra-test-aes-net-rg/providers/Microsoft.Storage/storageAccounts/mratestaesnetrgsa",
            "identity": [],
            "immutability_policy": [],
            "infrastructure_encryption_enabled": false,
            "is_hns_enabled": false,
            "large_file_share_enabled": null,
            "location": "australiaeast",
            "min_tls_version": "TLS1_2",
            "name": "mratestaesnetrgsa",
            "network_rules": [
              {
                "bypass": [
                  "AzureServices"
                ],
                "default_action": "Allow",
                "ip_rules": [],
                "private_link_access": [],
                "virtual_network_subnet_ids": []
              }
            ],
            "nfsv3_enabled": false,
            "primary_access_key": "w6UqU7z1WTgDZseZU+S1Y4TRnVmkgqRHyTQ2QPRj4mT9PLyb+kIuoanPIc706cuQhjrEeulY8faD+AStwHQsVw==",
            "primary_blob_connection_string": "DefaultEndpointsProtocol=https;BlobEndpoint=https://mratestaesnetrgsa.blob.core.windows.net/;AccountName=mratestaesnetrgsa;AccountKey=w6UqU7z1WTgDZseZU+S1Y4TRnVmkgqRHyTQ2QPRj4mT9PLyb+kIuoanPIc706cuQhjrEeulY8faD+AStwHQsVw==",
            "primary_blob_endpoint": "https://mratestaesnetrgsa.blob.core.windows.net/",
            "primary_blob_host": "mratestaesnetrgsa.blob.core.windows.net",
            "primary_connection_string": "DefaultEndpointsProtocol=https;AccountName=mratestaesnetrgsa;AccountKey=w6UqU7z1WTgDZseZU+S1Y4TRnVmkgqRHyTQ2QPRj4mT9PLyb+kIuoanPIc706cuQhjrEeulY8faD+AStwHQsVw==;EndpointSuffix=core.windows.net",
            "primary_dfs_endpoint": "https://mratestaesnetrgsa.dfs.core.windows.net/",
            "primary_dfs_host": "mratestaesnetrgsa.dfs.core.windows.net",
            "primary_file_endpoint": "https://mratestaesnetrgsa.file.core.windows.net/",
            "primary_file_host": "mratestaesnetrgsa.file.core.windows.net",
            "primary_location": "australiaeast",
            "primary_queue_endpoint": "https://mratestaesnetrgsa.queue.core.windows.net/",
            "primary_queue_host": "mratestaesnetrgsa.queue.core.windows.net",
            "primary_table_endpoint": "https://mratestaesnetrgsa.table.core.windows.net/",
            "primary_table_host": "mratestaesnetrgsa.table.core.windows.net",
            "primary_web_endpoint": "https://mratestaesnetrgsa.z8.web.core.windows.net/",
            "primary_web_host": "mratestaesnetrgsa.z8.web.core.windows.net",
            "public_network_access_enabled": true,
            "queue_encryption_key_type": "Service",
            "queue_properties": [
              {
                "cors_rule": [],
                "hour_metrics": [
                  {
                    "enabled": true,
                    "include_apis": true,
                    "retention_policy_days": 7,
                    "version": "1.0"
                  }
                ],
                "logging": [
                  {
                    "delete": false,
                    "read": false,
                    "retention_policy_days": 0,
                    "version": "1.0",
                    "write": false
                  }
                ],
                "minute_metrics": [
                  {
                    "enabled": false,
                    "include_apis": false,
                    "retention_policy_days": 0,
                    "version": "1.0"
                  }
                ]
              }
            ],
            "resource_group_name": "mra-test-aes-net-rg",
            "routing": [],
            "sas_policy": [],
            "secondary_access_key": "yrp7Tzzus3gEOb8mcNx9+EdOt/Vnc1z10XUryWfNw6bcaVqwnt7RtK26goWoUlb6GyM/13vBavwb+AStjaALnw==",
            "secondary_blob_connection_string": "",
            "secondary_blob_endpoint": null,
            "secondary_blob_host": null,
            "secondary_connection_string": "DefaultEndpointsProtocol=https;AccountName=mratestaesnetrgsa;AccountKey=yrp7Tzzus3gEOb8mcNx9+EdOt/Vnc1z10XUryWfNw6bcaVqwnt7RtK26goWoUlb6GyM/13vBavwb+AStjaALnw==;EndpointSuffix=core.windows.net",
            "secondary_dfs_endpoint": null,
            "secondary_dfs_host": null,
            "secondary_file_endpoint": null,
            "secondary_file_host": null,
            "secondary_location": "",
            "secondary_queue_endpoint": null,
            "secondary_queue_host": null,
            "secondary_table_endpoint": null,
            "secondary_table_host": null,
            "secondary_web_endpoint": null,
            "secondary_web_host": null,
            "sftp_enabled": false,
            "share_properties": [
              {
                "cors_rule": [],
                "retention_policy": [
                  {
                    "days": 14
                  }
                ],
                "smb": []
              }
            ],
            "shared_access_key_enabled": true,
            "static_website": [],
            "table_encryption_key_type": "Service",
            "tags": {
              "Owner": "ryan",
              "usage": "TerraformTesting"
            },
            "timeouts": null
          },
          "sensitive_attributes": [],
          "private": "eyJlMmJmYjczMC1lY2FhLTExZTYtOGY4OC0zNDM2M2JjN2M0YzAiOnsiY3JlYXRlIjozNjAwMDAwMDAwMDAwLCJkZWxldGUiOjM2MDAwMDAwMDAwMDAsInJlYWQiOjMwMDAwMDAwMDAwMCwidXBkYXRlIjozNjAwMDAwMDAwMDAwfSwic2NoZW1hX3ZlcnNpb24iOiI0In0="
        }
      ]
    },
    {
      "mode": "managed",
      "type": "azurerm_storage_share",
      "name": "res-13",
      "provider": "provider[\"registry.terraform.io/hashicorp/azurerm\"]",
      "instances": [
        {
          "schema_version": 2,
          "attributes": {
            "access_tier": "TransactionOptimized",
            "acl": [],
            "enabled_protocol": "SMB",
            "id": "https://mratestaesnetrgsa.file.core.windows.net/mrasharedfiles",
            "metadata": {
              "azurebackupprotected": "true"
            },
            "name": "mrasharedfiles",
            "quota": 5120,
            "resource_manager_id": "/subscriptions/b860b083-169c-4f62-8ba6-e2f75885d4fa/resourceGroups/mra-test-aes-net-rg/providers/Microsoft.Storage/storageAccounts/mratestaesnetrgsa/fileServices/default/fileshares/mrasharedfiles",
            "storage_account_name": "mratestaesnetrgsa",
            "timeouts": null,
            "url": "https://mratestaesnetrgsa.file.core.windows.net/mrasharedfiles"
          },
          "sensitive_attributes": [],
          "private": "eyJlMmJmYjczMC1lY2FhLTExZTYtOGY4OC0zNDM2M2JjN2M0YzAiOnsiY3JlYXRlIjoxODAwMDAwMDAwMDAwLCJkZWxldGUiOjE4MDAwMDAwMDAwMDAsInJlYWQiOjMwMDAwMDAwMDAwMCwidXBkYXRlIjoxODAwMDAwMDAwMDAwfSwic2NoZW1hX3ZlcnNpb24iOiIyIn0="
        }
      ]
    },
    {
      "mode": "managed",
      "type": "azurerm_subnet",
      "name": "res-8",
      "provider": "provider[\"registry.terraform.io/hashicorp/azurerm\"]",
      "instances": [
        {
          "schema_version": 0,
          "attributes": {
            "address_prefixes": [
              "10.1.0.0/16"
            ],
            "delegation": [],
            "enforce_private_link_endpoint_network_policies": false,
            "enforce_private_link_service_network_policies": false,
            "id": "/subscriptions/b860b083-169c-4f62-8ba6-e2f75885d4fa/resourceGroups/mra-test-aes-net-rg/providers/Microsoft.Network/virtualNetworks/mra-test-aes-net-vnet10.x/subnets/subnet10.1.x",
            "name": "subnet10.1.x",
            "private_endpoint_network_policies_enabled": true,
            "private_link_service_network_policies_enabled": true,
            "resource_group_name": "mra-test-aes-net-rg",
            "service_endpoint_policy_ids": [],
            "service_endpoints": [],
            "timeouts": null,
            "virtual_network_name": "mra-test-aes-net-vnet10.x"
          },
          "sensitive_attributes": [],
          "private": "eyJlMmJmYjczMC1lY2FhLTExZTYtOGY4OC0zNDM2M2JjN2M0YzAiOnsiY3JlYXRlIjoxODAwMDAwMDAwMDAwLCJkZWxldGUiOjE4MDAwMDAwMDAwMDAsInJlYWQiOjMwMDAwMDAwMDAwMCwidXBkYXRlIjoxODAwMDAwMDAwMDAwfSwic2NoZW1hX3ZlcnNpb24iOiIwIn0="
        }
      ]
    },
    {
      "mode": "managed",
      "type": "azurerm_subnet",
      "name": "res-9",
      "provider": "provider[\"registry.terraform.io/hashicorp/azurerm\"]",
      "instances": [
        {
          "schema_version": 0,
          "attributes": {
            "address_prefixes": [
              "10.2.0.0/16"
            ],
            "delegation": [],
            "enforce_private_link_endpoint_network_policies": false,
            "enforce_private_link_service_network_policies": false,
            "id": "/subscriptions/b860b083-169c-4f62-8ba6-e2f75885d4fa/resourceGroups/mra-test-aes-net-rg/providers/Microsoft.Network/virtualNetworks/mra-test-aes-net-vnet10.x/subnets/subnet10.2.x",
            "name": "subnet10.2.x",
            "private_endpoint_network_policies_enabled": true,
            "private_link_service_network_policies_enabled": true,
            "resource_group_name": "mra-test-aes-net-rg",
            "service_endpoint_policy_ids": [],
            "service_endpoints": [],
            "timeouts": null,
            "virtual_network_name": "mra-test-aes-net-vnet10.x"
          },
          "sensitive_attributes": [],
          "private": "eyJlMmJmYjczMC1lY2FhLTExZTYtOGY4OC0zNDM2M2JjN2M0YzAiOnsiY3JlYXRlIjoxODAwMDAwMDAwMDAwLCJkZWxldGUiOjE4MDAwMDAwMDAwMDAsInJlYWQiOjMwMDAwMDAwMDAwMCwidXBkYXRlIjoxODAwMDAwMDAwMDAwfSwic2NoZW1hX3ZlcnNpb24iOiIwIn0="
        }
      ]
    },
    {
      "mode": "managed",
      "type": "azurerm_virtual_network",
      "name": "res-7",
      "provider": "provider[\"registry.terraform.io/hashicorp/azurerm\"]",
      "instances": [
        {
          "schema_version": 0,
          "attributes": {
            "address_space": [
              "10.0.0.0/8"
            ],
            "bgp_community": "",
            "ddos_protection_plan": [],
            "dns_servers": [],
            "edge_zone": "",
            "flow_timeout_in_minutes": 0,
            "guid": "3f4f89fb-747f-4bfc-8723-984d6827d3fb",
            "id": "/subscriptions/b860b083-169c-4f62-8ba6-e2f75885d4fa/resourceGroups/mra-test-aes-net-rg/providers/Microsoft.Network/virtualNetworks/mra-test-aes-net-vnet10.x",
            "location": "australiaeast",
            "name": "mra-test-aes-net-vnet10.x",
            "resource_group_name": "mra-test-aes-net-rg",
            "subnet": [
              {
                "address_prefix": "10.1.0.0/16",
                "id": "/subscriptions/b860b083-169c-4f62-8ba6-e2f75885d4fa/resourceGroups/mra-test-aes-net-rg/providers/Microsoft.Network/virtualNetworks/mra-test-aes-net-vnet10.x/subnets/subnet10.1.x",
                "name": "subnet10.1.x",
                "security_group": ""
              },
              {
                "address_prefix": "10.2.0.0/16",
                "id": "/subscriptions/b860b083-169c-4f62-8ba6-e2f75885d4fa/resourceGroups/mra-test-aes-net-rg/providers/Microsoft.Network/virtualNetworks/mra-test-aes-net-vnet10.x/subnets/subnet10.2.x",
                "name": "subnet10.2.x",
                "security_group": ""
              }
            ],
            "tags": {
              "owner": "ryan",
              "usage": "TerraformTesting"
            },
            "timeouts": null
          },
          "sensitive_attributes": [],
          "private": "eyJlMmJmYjczMC1lY2FhLTExZTYtOGY4OC0zNDM2M2JjN2M0YzAiOnsiY3JlYXRlIjoxODAwMDAwMDAwMDAwLCJkZWxldGUiOjE4MDAwMDAwMDAwMDAsInJlYWQiOjMwMDAwMDAwMDAwMCwidXBkYXRlIjoxODAwMDAwMDAwMDAwfSwic2NoZW1hX3ZlcnNpb24iOiIwIn0="
        }
      ]
    },
    {
      "mode": "managed",
      "type": "azurerm_windows_virtual_machine",
      "name": "res-1",
      "provider": "provider[\"registry.terraform.io/hashicorp/azurerm\"]",
      "instances": [
        {
          "schema_version": 0,
          "attributes": {
            "additional_capabilities": [
              {
                "ultra_ssd_enabled": false
              }
            ],
            "additional_unattend_content": [],
            "admin_password": "ignored-as-imported",
            "admin_username": "ryan",
            "allow_extension_operations": true,
            "availability_set_id": "",
            "boot_diagnostics": [
              {
                "storage_account_uri": ""
              }
            ],
            "capacity_reservation_group_id": "",
            "computer_name": "vm101a",
            "custom_data": null,
            "dedicated_host_group_id": "",
            "dedicated_host_id": "",
            "edge_zone": "",
            "enable_automatic_updates": true,
            "encryption_at_host_enabled": false,
            "eviction_policy": "",
            "extensions_time_budget": "PT1H30M",
            "gallery_application": [],
            "hotpatching_enabled": false,
            "id": "/subscriptions/b860b083-169c-4f62-8ba6-e2f75885d4fa/resourceGroups/mra-test-aes-net-rg/providers/Microsoft.Compute/virtualMachines/vm101a",
            "identity": [],
            "license_type": "",
            "location": "australiaeast",
            "max_bid_price": -1,
            "name": "vm101a",
            "network_interface_ids": [
              "/subscriptions/b860b083-169c-4f62-8ba6-e2f75885d4fa/resourceGroups/mra-test-aes-net-rg/providers/Microsoft.Network/networkInterfaces/vm101a956"
            ],
            "os_disk": [
              {
                "caching": "ReadWrite",
                "diff_disk_settings": [],
                "disk_encryption_set_id": "",
                "disk_size_gb": 30,
                "name": "vm101a_OsDisk_1_fc27758be13b49eb9584785900dc8421",
                "secure_vm_disk_encryption_set_id": "",
                "security_encryption_type": "",
                "storage_account_type": "Premium_LRS",
                "write_accelerator_enabled": false
              }
            ],
            "patch_assessment_mode": "ImageDefault",
            "patch_mode": "AutomaticByOS",
            "plan": [],
            "platform_fault_domain": -1,
            "priority": "Regular",
            "private_ip_address": "10.1.0.4",
            "private_ip_addresses": [
              "10.1.0.4"
            ],
            "provision_vm_agent": true,
            "proximity_placement_group_id": "",
            "public_ip_address": "4.197.15.58",
            "public_ip_addresses": [
              "4.197.15.58"
            ],
            "resource_group_name": "mra-test-aes-net-rg",
            "secret": [],
            "secure_boot_enabled": false,
            "size": "Standard_B2s",
            "source_image_id": "",
            "source_image_reference": [
              {
                "offer": "WindowsServer",
                "publisher": "MicrosoftWindowsServer",
                "sku": "2022-datacenter-smalldisk-g2",
                "version": "latest"
              }
            ],
            "tags": {
              "usage": "TerraformTesting"
            },
            "termination_notification": [],
            "timeouts": null,
            "timezone": "",
            "user_data": "",
            "virtual_machine_id": "85d6e545-bdbd-4685-ab4d-9ce77114c573",
            "virtual_machine_scale_set_id": "",
            "vtpm_enabled": false,
            "winrm_listener": [],
            "zone": ""
          },
          "sensitive_attributes": [],
          "private": "eyJlMmJmYjczMC1lY2FhLTExZTYtOGY4OC0zNDM2M2JjN2M0YzAiOnsiY3JlYXRlIjoyNzAwMDAwMDAwMDAwLCJkZWxldGUiOjI3MDAwMDAwMDAwMDAsInJlYWQiOjMwMDAwMDAwMDAwMCwidXBkYXRlIjoyNzAwMDAwMDAwMDAwfSwic2NoZW1hX3ZlcnNpb24iOiIwIn0="
        }
      ]
    }
  ],
  "check_results": null
}
